
Microsoft Visual Studio Solution File, Format Version 12.00
# Visual Studio Version 16
VisualStudioVersion = 16.0.29911.84
MinimumVisualStudioVersion = 10.0.40219.1
Project("{FAE04EC0-301F-11D3-BF4B-00C04F79EFBC}") = "Valuta", "Valuta\Valuta.csproj", "{DCDDB7EC-9791-4339-B8AF-0F89AD9D09EA}"
EndProject
Global
	GlobalSection(SolutionConfigurationPlatforms) = preSolution
		Debug|Any CPU = Debug|Any CPU
		Release|Any CPU = Release|Any CPU
	EndGlobalSection
	GlobalSection(ProjectConfigurationPlatforms) = postSolution
		{DCDDB7EC-9791-4339-B8AF-0F89AD9D09EA}.Debug|Any CPU.ActiveCfg = Debug|Any CPU
		{DCDDB7EC-9791-4339-B8AF-0F89AD9D09EA}.Debug|Any CPU.Build.0 = Debug|Any CPU
		{DCDDB7EC-9791-4339-B8AF-0F89AD9D09EA}.Release|Any CPU.ActiveCfg = Release|Any CPU
		{DCDDB7EC-9791-4339-B8AF-0F89AD9D09EA}.Release|Any CPU.Build.0 = Release|Any CPU
	EndGlobalSection
	GlobalSection(SolutionProperties) = preSolution
		HideSolutionNode = FALSE
	EndGlobalSection
	GlobalSection(ExtensibilityGlobals) = postSolution
		SolutionGuid = {1A0B6653-D8F4-480C-8D4E-D295C1AD0BC1}
	EndGlobalSection
EndGlobal
